schema: '2.0'
stages:
  data_ingestion:
    cmd: python src/data_ingestion.py
    deps:
    - path: src/data_ingestion.py
      hash: md5
      md5: 4c82b2dd2d301c97fcb0c782b81b3d83
      size: 3643
    params:
      params.yaml:
        data_ingestion.test_size: 0.21
    outs:
    - path: data/raw
      hash: md5
      md5: 4f8ed12448f912122e61579897c4099f.dir
      size: 484846
      nfiles: 2
  data_preprocessing:
    cmd: python src/data_preprocessing.py
    deps:
    - path: data/raw
      hash: md5
      md5: 4f8ed12448f912122e61579897c4099f.dir
      size: 484846
      nfiles: 2
    - path: src/data_preprocessing.py
      hash: md5
      md5: 4f2275a5eca0735b65b27f2be389ea70
      size: 4001
    outs:
    - path: data/interim
      hash: md5
      md5: b4f97c417a52c607b4a413bdef8e0da1.dir
      size: 260499
      nfiles: 2
  feature_engineering:
    cmd: python src/feature_engineering.py
    deps:
    - path: data/interim
      hash: md5
      md5: b4f97c417a52c607b4a413bdef8e0da1.dir
      size: 260499
      nfiles: 2
    - path: src/feature_engineering.py
      hash: md5
      md5: cf8448c21ab5f64a81b288de0c331814
      size: 3910
    outs:
    - path: data/processed
      hash: md5
      md5: 9d01aabf0dee662d17274eba265eec5b.dir
      size: 1066515
      nfiles: 2
  model_building:
    cmd: python src/model_building.py
    deps:
    - path: data/processed
      hash: md5
      md5: 9d01aabf0dee662d17274eba265eec5b.dir
      size: 1066515
      nfiles: 2
    - path: src/model_building.py
      hash: md5
      md5: c503b110a0f3b1568a56d86eedef76f4
      size: 4484
    params:
      params.yaml:
        model_building.n_estimators: 23
        model_building.random_state: 2
    outs:
    - path: models/model.pkl
      hash: md5
      md5: 87b3f546e4a6a5957e0bf3d78360a0a7
      size: 869192
  model_evaluation:
    cmd: python src/model_evaluation.py
    deps:
    - path: models/model.pkl
      hash: md5
      md5: 87b3f546e4a6a5957e0bf3d78360a0a7
      size: 869192
    - path: src/model_evaluation.py
      hash: md5
      md5: 094c98f06e5b766081b43595481e4018
      size: 4653
    outs:
    - path: reports/metrics.json
      hash: md5
      md5: 8e2f192b1fa6caa31791d9d28a00ad6d
      size: 133
